
Microsoft Visual Studio Solution File, Format Version 12.00
# Visual Studio Version 16
VisualStudioVersion = 25.0.1706.14
MinimumVisualStudioVersion = 10.0.40219.1
Project("{FAE04EC0-301F-11D3-BF4B-00C04F79EFBC}") = "task1", "task1\task1.csproj", "{416E8B5E-E74B-41F3-8152-9B0B42F80350}"
EndProject
Project("{FAE04EC0-301F-11D3-BF4B-00C04F79EFBC}") = "task2", "task2\task2.csproj", "{B79300B1-6629-4A08-AF83-1132CD38DED9}"
EndProject
Project("{FAE04EC0-301F-11D3-BF4B-00C04F79EFBC}") = "task3", "task3\task3.csproj", "{38452992-4D1F-4E09-A847-2258D6E0DE66}"
EndProject
Global
	GlobalSection(SolutionConfigurationPlatforms) = preSolution
		Debug|Any CPU = Debug|Any CPU
		Release|Any CPU = Release|Any CPU
	EndGlobalSection
	GlobalSection(ProjectConfigurationPlatforms) = postSolution
		{416E8B5E-E74B-41F3-8152-9B0B42F80350}.Debug|Any CPU.ActiveCfg = Debug|Any CPU
		{416E8B5E-E74B-41F3-8152-9B0B42F80350}.Debug|Any CPU.Build.0 = Debug|Any CPU
		{416E8B5E-E74B-41F3-8152-9B0B42F80350}.Release|Any CPU.ActiveCfg = Release|Any CPU
		{416E8B5E-E74B-41F3-8152-9B0B42F80350}.Release|Any CPU.Build.0 = Release|Any CPU
		{B79300B1-6629-4A08-AF83-1132CD38DED9}.Debug|Any CPU.ActiveCfg = Debug|Any CPU
		{B79300B1-6629-4A08-AF83-1132CD38DED9}.Debug|Any CPU.Build.0 = Debug|Any CPU
		{B79300B1-6629-4A08-AF83-1132CD38DED9}.Release|Any CPU.ActiveCfg = Release|Any CPU
		{B79300B1-6629-4A08-AF83-1132CD38DED9}.Release|Any CPU.Build.0 = Release|Any CPU
		{38452992-4D1F-4E09-A847-2258D6E0DE66}.Debug|Any CPU.ActiveCfg = Debug|Any CPU
		{38452992-4D1F-4E09-A847-2258D6E0DE66}.Debug|Any CPU.Build.0 = Debug|Any CPU
		{38452992-4D1F-4E09-A847-2258D6E0DE66}.Release|Any CPU.ActiveCfg = Release|Any CPU
		{38452992-4D1F-4E09-A847-2258D6E0DE66}.Release|Any CPU.Build.0 = Release|Any CPU
	EndGlobalSection
	GlobalSection(SolutionProperties) = preSolution
		HideSolutionNode = FALSE
	EndGlobalSection
	GlobalSection(ExtensibilityGlobals) = postSolution
		SolutionGuid = {678DDB5C-08D4-4E4B-AC9E-2A3D846F247B}
	EndGlobalSection
EndGlobal
