
Microsoft Visual Studio Solution File, Format Version 12.00
# Visual Studio Version 16
VisualStudioVersion = 25.0.1706.14
MinimumVisualStudioVersion = 10.0.40219.1
Project("{FAE04EC0-301F-11D3-BF4B-00C04F79EFBC}") = "task1", "task1\task1.csproj", "{63B738B7-0718-4A36-A01D-0C6808B83F41}"
EndProject
Project("{FAE04EC0-301F-11D3-BF4B-00C04F79EFBC}") = "task2", "task2\task2.csproj", "{5BE4CCFE-65D9-4A3F-AA6D-9EB0F31664CF}"
EndProject
Project("{FAE04EC0-301F-11D3-BF4B-00C04F79EFBC}") = "task3", "task3\task3.csproj", "{ABD88A6F-4899-4A2C-BC63-9A8E3713629F}"
EndProject
Global
	GlobalSection(SolutionConfigurationPlatforms) = preSolution
		Debug|Any CPU = Debug|Any CPU
		Release|Any CPU = Release|Any CPU
	EndGlobalSection
	GlobalSection(ProjectConfigurationPlatforms) = postSolution
		{63B738B7-0718-4A36-A01D-0C6808B83F41}.Debug|Any CPU.ActiveCfg = Debug|Any CPU
		{63B738B7-0718-4A36-A01D-0C6808B83F41}.Debug|Any CPU.Build.0 = Debug|Any CPU
		{63B738B7-0718-4A36-A01D-0C6808B83F41}.Release|Any CPU.ActiveCfg = Release|Any CPU
		{63B738B7-0718-4A36-A01D-0C6808B83F41}.Release|Any CPU.Build.0 = Release|Any CPU
		{5BE4CCFE-65D9-4A3F-AA6D-9EB0F31664CF}.Debug|Any CPU.ActiveCfg = Debug|Any CPU
		{5BE4CCFE-65D9-4A3F-AA6D-9EB0F31664CF}.Debug|Any CPU.Build.0 = Debug|Any CPU
		{5BE4CCFE-65D9-4A3F-AA6D-9EB0F31664CF}.Release|Any CPU.ActiveCfg = Release|Any CPU
		{5BE4CCFE-65D9-4A3F-AA6D-9EB0F31664CF}.Release|Any CPU.Build.0 = Release|Any CPU
		{ABD88A6F-4899-4A2C-BC63-9A8E3713629F}.Debug|Any CPU.ActiveCfg = Debug|Any CPU
		{ABD88A6F-4899-4A2C-BC63-9A8E3713629F}.Debug|Any CPU.Build.0 = Debug|Any CPU
		{ABD88A6F-4899-4A2C-BC63-9A8E3713629F}.Release|Any CPU.ActiveCfg = Release|Any CPU
		{ABD88A6F-4899-4A2C-BC63-9A8E3713629F}.Release|Any CPU.Build.0 = Release|Any CPU
	EndGlobalSection
	GlobalSection(SolutionProperties) = preSolution
		HideSolutionNode = FALSE
	EndGlobalSection
	GlobalSection(ExtensibilityGlobals) = postSolution
		SolutionGuid = {DB481969-C4AE-449C-AFF4-6F5F58E5C327}
	EndGlobalSection
EndGlobal
