
Microsoft Visual Studio Solution File, Format Version 12.00
# Visual Studio Version 16
VisualStudioVersion = 25.0.1706.14
MinimumVisualStudioVersion = 10.0.40219.1
Project("{FAE04EC0-301F-11D3-BF4B-00C04F79EFBC}") = "task1", "task1\task1.csproj", "{F2F0FF11-EDBD-47BA-B108-72B1AC758AAF}"
EndProject
Project("{FAE04EC0-301F-11D3-BF4B-00C04F79EFBC}") = "task2", "task2\task2.csproj", "{5C834E59-420F-47EC-977F-C069F1B29997}"
EndProject
Project("{FAE04EC0-301F-11D3-BF4B-00C04F79EFBC}") = "task3", "task3\task3.csproj", "{68E1C04B-DF43-40A4-98F9-BAD063A731DA}"
EndProject
Project("{FAE04EC0-301F-11D3-BF4B-00C04F79EFBC}") = "task4", "task4\task4.csproj", "{4C29141C-1B69-467E-AFF9-197FE1C14CD7}"
EndProject
Global
	GlobalSection(SolutionConfigurationPlatforms) = preSolution
		Debug|Any CPU = Debug|Any CPU
		Release|Any CPU = Release|Any CPU
	EndGlobalSection
	GlobalSection(ProjectConfigurationPlatforms) = postSolution
		{F2F0FF11-EDBD-47BA-B108-72B1AC758AAF}.Debug|Any CPU.ActiveCfg = Debug|Any CPU
		{F2F0FF11-EDBD-47BA-B108-72B1AC758AAF}.Debug|Any CPU.Build.0 = Debug|Any CPU
		{F2F0FF11-EDBD-47BA-B108-72B1AC758AAF}.Release|Any CPU.ActiveCfg = Release|Any CPU
		{F2F0FF11-EDBD-47BA-B108-72B1AC758AAF}.Release|Any CPU.Build.0 = Release|Any CPU
		{5C834E59-420F-47EC-977F-C069F1B29997}.Debug|Any CPU.ActiveCfg = Debug|Any CPU
		{5C834E59-420F-47EC-977F-C069F1B29997}.Debug|Any CPU.Build.0 = Debug|Any CPU
		{5C834E59-420F-47EC-977F-C069F1B29997}.Release|Any CPU.ActiveCfg = Release|Any CPU
		{5C834E59-420F-47EC-977F-C069F1B29997}.Release|Any CPU.Build.0 = Release|Any CPU
		{68E1C04B-DF43-40A4-98F9-BAD063A731DA}.Debug|Any CPU.ActiveCfg = Debug|Any CPU
		{68E1C04B-DF43-40A4-98F9-BAD063A731DA}.Debug|Any CPU.Build.0 = Debug|Any CPU
		{68E1C04B-DF43-40A4-98F9-BAD063A731DA}.Release|Any CPU.ActiveCfg = Release|Any CPU
		{68E1C04B-DF43-40A4-98F9-BAD063A731DA}.Release|Any CPU.Build.0 = Release|Any CPU
		{4C29141C-1B69-467E-AFF9-197FE1C14CD7}.Debug|Any CPU.ActiveCfg = Debug|Any CPU
		{4C29141C-1B69-467E-AFF9-197FE1C14CD7}.Debug|Any CPU.Build.0 = Debug|Any CPU
		{4C29141C-1B69-467E-AFF9-197FE1C14CD7}.Release|Any CPU.ActiveCfg = Release|Any CPU
		{4C29141C-1B69-467E-AFF9-197FE1C14CD7}.Release|Any CPU.Build.0 = Release|Any CPU
	EndGlobalSection
	GlobalSection(SolutionProperties) = preSolution
		HideSolutionNode = FALSE
	EndGlobalSection
	GlobalSection(ExtensibilityGlobals) = postSolution
		SolutionGuid = {FFD90B7F-A538-4DF9-8652-AEFD63A6D29D}
	EndGlobalSection
EndGlobal
