
Microsoft Visual Studio Solution File, Format Version 12.00
# Visual Studio Version 16
VisualStudioVersion = 25.0.1706.14
MinimumVisualStudioVersion = 10.0.40219.1
Project("{FAE04EC0-301F-11D3-BF4B-00C04F79EFBC}") = "task1", "task1.csproj", "{37B1BC43-8D1A-47BF-A622-BED4F5EE6AFD}"
EndProject
Project("{FAE04EC0-301F-11D3-BF4B-00C04F79EFBC}") = "task2", "..\task2\task2.csproj", "{65FBDD39-2F3C-4B18-A69A-63BDD98A76D4}"
EndProject
Project("{FAE04EC0-301F-11D3-BF4B-00C04F79EFBC}") = "task3", "..\task3\task3.csproj", "{FB9B7E99-0956-43E7-97FA-090A0EA81ACB}"
EndProject
Project("{FAE04EC0-301F-11D3-BF4B-00C04F79EFBC}") = "task4", "..\task4\task4.csproj", "{DF8CF92E-7E60-41BA-A96A-FA7471A4E15B}"
EndProject
Global
	GlobalSection(SolutionConfigurationPlatforms) = preSolution
		Debug|Any CPU = Debug|Any CPU
		Release|Any CPU = Release|Any CPU
	EndGlobalSection
	GlobalSection(ProjectConfigurationPlatforms) = postSolution
		{37B1BC43-8D1A-47BF-A622-BED4F5EE6AFD}.Debug|Any CPU.ActiveCfg = Debug|Any CPU
		{37B1BC43-8D1A-47BF-A622-BED4F5EE6AFD}.Debug|Any CPU.Build.0 = Debug|Any CPU
		{37B1BC43-8D1A-47BF-A622-BED4F5EE6AFD}.Release|Any CPU.ActiveCfg = Release|Any CPU
		{37B1BC43-8D1A-47BF-A622-BED4F5EE6AFD}.Release|Any CPU.Build.0 = Release|Any CPU
		{65FBDD39-2F3C-4B18-A69A-63BDD98A76D4}.Debug|Any CPU.ActiveCfg = Debug|Any CPU
		{65FBDD39-2F3C-4B18-A69A-63BDD98A76D4}.Debug|Any CPU.Build.0 = Debug|Any CPU
		{65FBDD39-2F3C-4B18-A69A-63BDD98A76D4}.Release|Any CPU.ActiveCfg = Release|Any CPU
		{65FBDD39-2F3C-4B18-A69A-63BDD98A76D4}.Release|Any CPU.Build.0 = Release|Any CPU
		{FB9B7E99-0956-43E7-97FA-090A0EA81ACB}.Debug|Any CPU.ActiveCfg = Debug|Any CPU
		{FB9B7E99-0956-43E7-97FA-090A0EA81ACB}.Debug|Any CPU.Build.0 = Debug|Any CPU
		{FB9B7E99-0956-43E7-97FA-090A0EA81ACB}.Release|Any CPU.ActiveCfg = Release|Any CPU
		{FB9B7E99-0956-43E7-97FA-090A0EA81ACB}.Release|Any CPU.Build.0 = Release|Any CPU
		{DF8CF92E-7E60-41BA-A96A-FA7471A4E15B}.Debug|Any CPU.ActiveCfg = Debug|Any CPU
		{DF8CF92E-7E60-41BA-A96A-FA7471A4E15B}.Debug|Any CPU.Build.0 = Debug|Any CPU
		{DF8CF92E-7E60-41BA-A96A-FA7471A4E15B}.Release|Any CPU.ActiveCfg = Release|Any CPU
		{DF8CF92E-7E60-41BA-A96A-FA7471A4E15B}.Release|Any CPU.Build.0 = Release|Any CPU
	EndGlobalSection
	GlobalSection(SolutionProperties) = preSolution
		HideSolutionNode = FALSE
	EndGlobalSection
	GlobalSection(ExtensibilityGlobals) = postSolution
		SolutionGuid = {CE1B26C8-1B4A-47BD-B17F-EACC54DC2495}
	EndGlobalSection
EndGlobal
